
Microsoft Visual Studio Solution File, Format Version 12.00
# Blend for Visual Studio 15
VisualStudioVersion = 15.0.27130.2026
MinimumVisualStudioVersion = 10.0.40219.1
Project("{FAE04EC0-301F-11D3-BF4B-00C04F79EFBC}") = "TestFunctionGW040x", "TestFunctionGW040x\TestFunctionGW040x.csproj", "{3C05A495-74A2-412E-918F-98A4F02CC33C}"
EndProject
Global
	GlobalSection(SolutionConfigurationPlatforms) = preSolution
		Debug|Any CPU = Debug|Any CPU
		Release|Any CPU = Release|Any CPU
	EndGlobalSection
	GlobalSection(ProjectConfigurationPlatforms) = postSolution
		{3C05A495-74A2-412E-918F-98A4F02CC33C}.Debug|Any CPU.ActiveCfg = Debug|Any CPU
		{3C05A495-74A2-412E-918F-98A4F02CC33C}.Debug|Any CPU.Build.0 = Debug|Any CPU
		{3C05A495-74A2-412E-918F-98A4F02CC33C}.Release|Any CPU.ActiveCfg = Release|Any CPU
		{3C05A495-74A2-412E-918F-98A4F02CC33C}.Release|Any CPU.Build.0 = Release|Any CPU
	EndGlobalSection
	GlobalSection(SolutionProperties) = preSolution
		HideSolutionNode = FALSE
	EndGlobalSection
	GlobalSection(ExtensibilityGlobals) = postSolution
		SolutionGuid = {92F52A12-2F3E-4C79-92DE-E2665C2A54A8}
	EndGlobalSection
EndGlobal
